{
  "originHash" : "8913e070e0c8f756fb3af74bf39e8e720c733de8bfcd20133d3b85edf0a706b9",
  "pins" : [
    {
      "identity" : "ios-maps-sdk",
      "kind" : "remoteSourceControl",
      "location" : "https://github.com/googlemaps/ios-maps-sdk",
      "state" : {
        "revision" : "9c540f3b475a800e947a09b8903b212a6634cf30",
        "version" : "10.0.0"
      }
    },
    {
      "identity" : "ios-places-sdk",
      "kind" : "remoteSourceControl",
      "location" : "https://github.com/googlemaps/ios-places-sdk",
      "state" : {
        "revision" : "f18c63a43ed8399a81e539525983377d63b7b003",
        "version" : "9.4.1"
      }
    }
  ],
  "version" : 3
}
